
Microsoft Visual Studio Solution File, Format Version 12.00
# Visual Studio Version 17
VisualStudioVersion = 17.3.32929.385
MinimumVisualStudioVersion = 10.0.40219.1
Project("{8BC9CEB8-8B4A-11D0-8D11-00A0C91BC942}") = "WordCount", "WordCount\WordCount.vcxproj", "{499211B1-0B11-432A-878F-008B42FC187F}"
EndProject
Global
	GlobalSection(SolutionConfigurationPlatforms) = preSolution
		Debug|x64 = Debug|x64
		Debug|x86 = Debug|x86
		Release|x64 = Release|x64
		Release|x86 = Release|x86
	EndGlobalSection
	GlobalSection(ProjectConfigurationPlatforms) = postSolution
		{499211B1-0B11-432A-878F-008B42FC187F}.Debug|x64.ActiveCfg = Debug|x64
		{499211B1-0B11-432A-878F-008B42FC187F}.Debug|x64.Build.0 = Debug|x64
		{499211B1-0B11-432A-878F-008B42FC187F}.Debug|x86.ActiveCfg = Debug|Win32
		{499211B1-0B11-432A-878F-008B42FC187F}.Debug|x86.Build.0 = Debug|Win32
		{499211B1-0B11-432A-878F-008B42FC187F}.Release|x64.ActiveCfg = Release|x64
		{499211B1-0B11-432A-878F-008B42FC187F}.Release|x64.Build.0 = Release|x64
		{499211B1-0B11-432A-878F-008B42FC187F}.Release|x86.ActiveCfg = Release|Win32
		{499211B1-0B11-432A-878F-008B42FC187F}.Release|x86.Build.0 = Release|Win32
	EndGlobalSection
	GlobalSection(SolutionProperties) = preSolution
		HideSolutionNode = FALSE
	EndGlobalSection
	GlobalSection(ExtensibilityGlobals) = postSolution
		SolutionGuid = {1166D2C7-B65A-4190-9C0D-AFF277A084D3}
	EndGlobalSection
EndGlobal
